// !$*UTF8*$!
{
	archiveVersion = 1;
	classes = {
	};
	objectVersion = 46;
	objects = {

/* Begin PBXBuildFile section */
		899B6C981D334E30009A5CF0 /* HistoricalEventsModel.swift in Sources */ = {isa = PBXBuildFile; fileRef = 899B6C971D334E30009A5CF0 /* HistoricalEventsModel.swift */; };
		89FB98431D30BD60007126D4 /* AppDelegate.swift in Sources */ = {isa = PBXBuildFile; fileRef = 89FB98421D30BD60007126D4 /* AppDelegate.swift */; };
		89FB98451D30BD60007126D4 /* ViewController.swift in Sources */ = {isa = PBXBuildFile; fileRef = 89FB98441D30BD60007126D4 /* ViewController.swift */; };
		89FB98481D30BD60007126D4 /* Main.storyboard in Resources */ = {isa = PBXBuildFile; fileRef = 89FB98461D30BD60007126D4 /* Main.storyboard */; };
		89FB984A1D30BD60007126D4 /* Assets.xcassets in Resources */ = {isa = PBXBuildFile; fileRef = 89FB98491D30BD60007126D4 /* Assets.xcassets */; };
		89FB984D1D30BD60007126D4 /* LaunchScreen.storyboard in Resources */ = {isa = PBXBuildFile; fileRef = 89FB984B1D30BD60007126D4 /* LaunchScreen.storyboard */; };
		89FB98551D30BDAB007126D4 /* USHistoryEvents.plist in Resources */ = {isa = PBXBuildFile; fileRef = 89FB98541D30BDAB007126D4 /* USHistoryEvents.plist */; };
		DF8B2D0E1D356EFB0054189A /* GameSoundTimerEnd.wav in Resources */ = {isa = PBXBuildFile; fileRef = DF8B2D0B1D356EFB0054189A /* GameSoundTimerEnd.wav */; };
		DF8B2D101D356F160054189A /* GameSoundFinished.wav in Resources */ = {isa = PBXBuildFile; fileRef = DF8B2D0F1D356F160054189A /* GameSoundFinished.wav */; };
		DF8B2D121D356F360054189A /* GameSoundRetry.wav in Resources */ = {isa = PBXBuildFile; fileRef = DF8B2D111D356F360054189A /* GameSoundRetry.wav */; };
		DF8B2D171D35785D0054189A /* GameSoundIncorrectBuzz.wav in Resources */ = {isa = PBXBuildFile; fileRef = DF8B2D151D35785D0054189A /* GameSoundIncorrectBuzz.wav */; };
		DF8B2D181D35785D0054189A /* GameSoundCorrectDing.wav in Resources */ = {isa = PBXBuildFile; fileRef = DF8B2D161D35785D0054189A /* GameSoundCorrectDing.wav */; };
/* End PBXBuildFile section */

/* Begin PBXFileReference section */
		899B6C971D334E30009A5CF0 /* HistoricalEventsModel.swift */ = {isa = PBXFileReference; fileEncoding = 4; lastKnownFileType = sourcecode.swift; path = HistoricalEventsModel.swift; sourceTree = "<group>"; };
		89FB983F1D30BD60007126D4 /* boutTime.app */ = {isa = PBXFileReference; explicitFileType = wrapper.application; includeInIndex = 0; path = boutTime.app; sourceTree = BUILT_PRODUCTS_DIR; };
		89FB98421D30BD60007126D4 /* AppDelegate.swift */ = {isa = PBXFileReference; lastKnownFileType = sourcecode.swift; path = AppDelegate.swift; sourceTree = "<group>"; };
		89FB98441D30BD60007126D4 /* ViewController.swift */ = {isa = PBXFileReference; lastKnownFileType = sourcecode.swift; path = ViewController.swift; sourceTree = "<group>"; };
		89FB98471D30BD60007126D4 /* Base */ = {isa = PBXFileReference; lastKnownFileType = file.storyboard; name = Base; path = Base.lproj/Main.storyboard; sourceTree = "<group>"; };
		89FB98491D30BD60007126D4 /* Assets.xcassets */ = {isa = PBXFileReference; lastKnownFileType = folder.assetcatalog; path = Assets.xcassets; sourceTree = "<group>"; };
		89FB984C1D30BD60007126D4 /* Base */ = {isa = PBXFileReference; lastKnownFileType = file.storyboard; name = Base; path = Base.lproj/LaunchScreen.storyboard; sourceTree = "<group>"; };
		89FB984E1D30BD60007126D4 /* Info.plist */ = {isa = PBXFileReference; lastKnownFileType = text.plist.xml; path = Info.plist; sourceTree = "<group>"; };
		89FB98541D30BDAB007126D4 /* USHistoryEvents.plist */ = {isa = PBXFileReference; fileEncoding = 4; lastKnownFileType = text.plist.xml; path = USHistoryEvents.plist; sourceTree = "<group>"; };
		DF8B2D0B1D356EFB0054189A /* GameSoundTimerEnd.wav */ = {isa = PBXFileReference; lastKnownFileType = audio.wav; path = GameSoundTimerEnd.wav; sourceTree = "<group>"; };
		DF8B2D0F1D356F160054189A /* GameSoundFinished.wav */ = {isa = PBXFileReference; lastKnownFileType = audio.wav; path = GameSoundFinished.wav; sourceTree = "<group>"; };
		DF8B2D111D356F360054189A /* GameSoundRetry.wav */ = {isa = PBXFileReference; lastKnownFileType = audio.wav; path = GameSoundRetry.wav; sourceTree = "<group>"; };
		DF8B2D151D35785D0054189A /* GameSoundIncorrectBuzz.wav */ = {isa = PBXFileReference; lastKnownFileType = audio.wav; path = GameSoundIncorrectBuzz.wav; sourceTree = "<group>"; };
		DF8B2D161D35785D0054189A /* GameSoundCorrectDing.wav */ = {isa = PBXFileReference; lastKnownFileType = audio.wav; path = GameSoundCorrectDing.wav; sourceTree = "<group>"; };
/* End PBXFileReference section */

/* Begin PBXFrameworksBuildPhase section */
		89FB983C1D30BD60007126D4 /* Frameworks */ = {
			isa = PBXFrameworksBuildPhase;
			buildActionMask = 2147483647;
			files = (
			);
			runOnlyForDeploymentPostprocessing = 0;
		};
/* End PBXFrameworksBuildPhase section */

/* Begin PBXGroup section */
		89FB98361D30BD60007126D4 = {
			isa = PBXGroup;
			children = (
				89FB98411D30BD60007126D4 /* boutTime */,
				89FB98401D30BD60007126D4 /* Products */,
			);
			sourceTree = "<group>";
		};
		89FB98401D30BD60007126D4 /* Products */ = {
			isa = PBXGroup;
			children = (
				89FB983F1D30BD60007126D4 /* boutTime.app */,
			);
			name = Products;
			sourceTree = "<group>";
		};
		89FB98411D30BD60007126D4 /* boutTime */ = {
			isa = PBXGroup;
			children = (
				89FB98421D30BD60007126D4 /* AppDelegate.swift */,
				89FB98441D30BD60007126D4 /* ViewController.swift */,
				89FB98461D30BD60007126D4 /* Main.storyboard */,
				89FB98491D30BD60007126D4 /* Assets.xcassets */,
				89FB984B1D30BD60007126D4 /* LaunchScreen.storyboard */,
				89FB984E1D30BD60007126D4 /* Info.plist */,
				89FB98541D30BDAB007126D4 /* USHistoryEvents.plist */,
				899B6C971D334E30009A5CF0 /* HistoricalEventsModel.swift */,
				DF8B2D0B1D356EFB0054189A /* GameSoundTimerEnd.wav */,
				DF8B2D0F1D356F160054189A /* GameSoundFinished.wav */,
				DF8B2D111D356F360054189A /* GameSoundRetry.wav */,
				DF8B2D151D35785D0054189A /* GameSoundIncorrectBuzz.wav */,
				DF8B2D161D35785D0054189A /* GameSoundCorrectDing.wav */,
			);
			path = boutTime;
			sourceTree = "<group>";
		};
/* End PBXGroup section */

/* Begin PBXNativeTarget section */
		89FB983E1D30BD60007126D4 /* boutTime */ = {
			isa = PBXNativeTarget;
			buildConfigurationList = 89FB98511D30BD60007126D4 /* Build configuration list for PBXNativeTarget "boutTime" */;
			buildPhases = (
				89FB983B1D30BD60007126D4 /* Sources */,
				89FB983C1D30BD60007126D4 /* Frameworks */,
				89FB983D1D30BD60007126D4 /* Resources */,
			);
			buildRules = (
			);
			dependencies = (
			);
			name = boutTime;
			productName = boutTime;
			productReference = 89FB983F1D30BD60007126D4 /* boutTime.app */;
			productType = "com.apple.product-type.application";
		};
/* End PBXNativeTarget section */

/* Begin PBXProject section */
		89FB98371D30BD60007126D4 /* Project object */ = {
			isa = PBXProject;
			attributes = {
				LastSwiftUpdateCheck = 0730;
				LastUpgradeCheck = 0730;
				ORGANIZATIONNAME = jamesdmcmillan;
				TargetAttributes = {
					89FB983E1D30BD60007126D4 = {
						CreatedOnToolsVersion = 7.3.1;
					};
				};
			};
			buildConfigurationList = 89FB983A1D30BD60007126D4 /* Build configuration list for PBXProject "boutTime" */;
			compatibilityVersion = "Xcode 3.2";
			developmentRegion = English;
			hasScannedForEncodings = 0;
			knownRegions = (
				en,
				Base,
			);
			mainGroup = 89FB98361D30BD60007126D4;
			productRefGroup = 89FB98401D30BD60007126D4 /* Products */;
			projectDirPath = "";
			projectRoot = "";
			targets = (
				89FB983E1D30BD60007126D4 /* boutTime */,
			);
		};
/* End PBXProject section */

/* Begin PBXResourcesBuildPhase section */
		89FB983D1D30BD60007126D4 /* Resources */ = {
			isa = PBXResourcesBuildPhase;
			buildActionMask = 2147483647;
			files = (
				DF8B2D181D35785D0054189A /* GameSoundCorrectDing.wav in Resources */,
				89FB984D1D30BD60007126D4 /* LaunchScreen.storyboard in Resources */,
				89FB984A1D30BD60007126D4 /* Assets.xcassets in Resources */,
				DF8B2D0E1D356EFB0054189A /* GameSoundTimerEnd.wav in Resources */,
				89FB98551D30BDAB007126D4 /* USHistoryEvents.plist in Resources */,
				89FB98481D30BD60007126D4 /* Main.storyboard in Resources */,
				DF8B2D171D35785D0054189A /* GameSoundIncorrectBuzz.wav in Resources */,
				DF8B2D101D356F160054189A /* GameSoundFinished.wav in Resources */,
				DF8B2D121D356F360054189A /* GameSoundRetry.wav in Resources */,
			);
			runOnlyForDeploymentPostprocessing = 0;
		};
/* End PBXResourcesBuildPhase section */

/* Begin PBXSourcesBuildPhase section */
		89FB983B1D30BD60007126D4 /* Sources */ = {
			isa = PBXSourcesBuildPhase;
			buildActionMask = 2147483647;
			files = (
				899B6C981D334E30009A5CF0 /* HistoricalEventsModel.swift in Sources */,
				89FB98451D30BD60007126D4 /* ViewController.swift in Sources */,
				89FB98431D30BD60007126D4 /* AppDelegate.swift in Sources */,
			);
			runOnlyForDeploymentPostprocessing = 0;
		};
/* End PBXSourcesBuildPhase section */

/* Begin PBXVariantGroup section */
		89FB98461D30BD60007126D4 /* Main.storyboard */ = {
			isa = PBXVariantGroup;
			children = (
				89FB98471D30BD60007126D4 /* Base */,
			);
			name = Main.storyboard;
			sourceTree = "<group>";
		};
		89FB984B1D30BD60007126D4 /* LaunchScreen.storyboard */ = {
			isa = PBXVariantGroup;
			children = (
				89FB984C1D30BD60007126D4 /* Base */,
			);
			name = LaunchScreen.storyboard;
			sourceTree = "<group>";
		};
/* End PBXVariantGroup section */

/* Begin XCBuildConfiguration section */
		89FB984F1D30BD60007126D4 /* Debug */ = {
			isa = XCBuildConfiguration;
			buildSettings = {
				ALWAYS_SEARCH_USER_PATHS = NO;
				CLANG_ANALYZER_NONNULL = YES;
				CLANG_CXX_LANGUAGE_STANDARD = "gnu++0x";
				CLANG_CXX_LIBRARY = "libc++";
				CLANG_ENABLE_MODULES = YES;
				CLANG_ENABLE_OBJC_ARC = YES;
				CLANG_WARN_BOOL_CONVERSION = YES;
				CLANG_WARN_CONSTANT_CONVERSION = YES;
				CLANG_WARN_DIRECT_OBJC_ISA_USAGE = YES_ERROR;
				CLANG_WARN_EMPTY_BODY = YES;
				CLANG_WARN_ENUM_CONVERSION = YES;
				CLANG_WARN_INT_CONVERSION = YES;
				CLANG_WARN_OBJC_ROOT_CLASS = YES_ERROR;
				CLANG_WARN_UNREACHABLE_CODE = YES;
				CLANG_WARN__DUPLICATE_METHOD_MATCH = YES;
				"CODE_SIGN_IDENTITY[sdk=iphoneos*]" = "iPhone Developer";
				COPY_PHASE_STRIP = NO;
				DEBUG_INFORMATION_FORMAT = dwarf;
				ENABLE_STRICT_OBJC_MSGSEND = YES;
				ENABLE_TESTABILITY = YES;
				GCC_C_LANGUAGE_STANDARD = gnu99;
				GCC_DYNAMIC_NO_PIC = NO;
				GCC_NO_COMMON_BLOCKS = YES;
				GCC_OPTIMIZATION_LEVEL = 0;
				GCC_PREPROCESSOR_DEFINITIONS = (
					"DEBUG=1",
					"$(inherited)",
				);
				GCC_WARN_64_TO_32_BIT_CONVERSION = YES;
				GCC_WARN_ABOUT_RETURN_TYPE = YES_ERROR;
				GCC_WARN_UNDECLARED_SELECTOR = YES;
				GCC_WARN_UNINITIALIZED_AUTOS = YES_AGGRESSIVE;
				GCC_WARN_UNUSED_FUNCTION = YES;
				GCC_WARN_UNUSED_VARIABLE = YES;
				IPHONEOS_DEPLOYMENT_TARGET = 9.3;
				MTL_ENABLE_DEBUG_INFO = YES;
				ONLY_ACTIVE_ARCH = YES;
				SDKROOT = iphoneos;
				SWIFT_OPTIMIZATION_LEVEL = "-Onone";
			};
			name = Debug;
		};
		89FB98501D30BD60007126D4 /* Release */ = {
			isa = XCBuildConfiguration;
			buildSettings = {
				ALWAYS_SEARCH_USER_PATHS = NO;
				CLANG_ANALYZER_NONNULL = YES;
				CLANG_CXX_LANGUAGE_STANDARD = "gnu++0x";
				CLANG_CXX_LIBRARY = "libc++";
				CLANG_ENABLE_MODULES = YES;
				CLANG_ENABLE_OBJC_ARC = YES;
				CLANG_WARN_BOOL_CONVERSION = YES;
				CLANG_WARN_CONSTANT_CONVERSION = YES;
				CLANG_WARN_DIRECT_OBJC_ISA_USAGE = YES_ERROR;
				CLANG_WARN_EMPTY_BODY = YES;
				CLANG_WARN_ENUM_CONVERSION = YES;
				CLANG_WARN_INT_CONVERSION = YES;
				CLANG_WARN_OBJC_ROOT_CLASS = YES_ERROR;
				CLANG_WARN_UNREACHABLE_CODE = YES;
				CLANG_WARN__DUPLICATE_METHOD_MATCH = YES;
				"CODE_SIGN_IDENTITY[sdk=iphoneos*]" = "iPhone Developer";
				COPY_PHASE_STRIP = NO;
				DEBUG_INFORMATION_FORMAT = "dwarf-with-dsym";
				ENABLE_NS_ASSERTIONS = NO;
				ENABLE_STRICT_OBJC_MSGSEND = YES;
				GCC_C_LANGUAGE_STANDARD = gnu99;
				GCC_NO_COMMON_BLOCKS = YES;
				GCC_WARN_64_TO_32_BIT_CONVERSION = YES;
				GCC_WARN_ABOUT_RETURN_TYPE = YES_ERROR;
				GCC_WARN_UNDECLARED_SELECTOR = YES;
				GCC_WARN_UNINITIALIZED_AUTOS = YES_AGGRESSIVE;
				GCC_WARN_UNUSED_FUNCTION = YES;
				GCC_WARN_UNUSED_VARIABLE = YES;
				IPHONEOS_DEPLOYMENT_TARGET = 9.3;
				MTL_ENABLE_DEBUG_INFO = NO;
				SDKROOT = iphoneos;
				VALIDATE_PRODUCT = YES;
			};
			name = Release;
		};
		89FB98521D30BD60007126D4 /* Debug */ = {
			isa = XCBuildConfiguration;
			buildSettings = {
				ASSETCATALOG_COMPILER_APPICON_NAME = AppIcon;
				INFOPLIST_FILE = boutTime/Info.plist;
				LD_RUNPATH_SEARCH_PATHS = "$(inherited) @executable_path/Frameworks";
				PRODUCT_BUNDLE_IDENTIFIER = com.jamesdmcmillan.boutTime;
				PRODUCT_NAME = "$(TARGET_NAME)";
			};
			name = Debug;
		};
		89FB98531D30BD60007126D4 /* Release */ = {
			isa = XCBuildConfiguration;
			buildSettings = {
				ASSETCATALOG_COMPILER_APPICON_NAME = AppIcon;
				INFOPLIST_FILE = boutTime/Info.plist;
				LD_RUNPATH_SEARCH_PATHS = "$(inherited) @executable_path/Frameworks";
				PRODUCT_BUNDLE_IDENTIFIER = com.jamesdmcmillan.boutTime;
				PRODUCT_NAME = "$(TARGET_NAME)";
			};
			name = Release;
		};
/* End XCBuildConfiguration section */

/* Begin XCConfigurationList section */
		89FB983A1D30BD60007126D4 /* Build configuration list for PBXProject "boutTime" */ = {
			isa = XCConfigurationList;
			buildConfigurations = (
				89FB984F1D30BD60007126D4 /* Debug */,
				89FB98501D30BD60007126D4 /* Release */,
			);
			defaultConfigurationIsVisible = 0;
			defaultConfigurationName = Release;
		};
		89FB98511D30BD60007126D4 /* Build configuration list for PBXNativeTarget "boutTime" */ = {
			isa = XCConfigurationList;
			buildConfigurations = (
				89FB98521D30BD60007126D4 /* Debug */,
				89FB98531D30BD60007126D4 /* Release */,
			);
			defaultConfigurationIsVisible = 0;
			defaultConfigurationName = Release;
		};
/* End XCConfigurationList section */
	};
	rootObject = 89FB98371D30BD60007126D4 /* Project object */;
}
